
Microsoft Visual Studio Solution File, Format Version 12.00
# Visual Studio Version 17
VisualStudioVersion = 17.6.33829.357
MinimumVisualStudioVersion = 10.0.40219.1
Project("{FAE04EC0-301F-11D3-BF4B-00C04F79EFBC}") = "4.1.1.5-BooleanOperations", "4.1.1.5-BooleanOperations\4.1.1.5-BooleanOperations.csproj", "{8EF02E5D-AD38-4AD0-9056-612DCAAA7DBD}"
EndProject
Global
	GlobalSection(SolutionConfigurationPlatforms) = preSolution
		Debug|Any CPU = Debug|Any CPU
		Release|Any CPU = Release|Any CPU
	EndGlobalSection
	GlobalSection(ProjectConfigurationPlatforms) = postSolution
		{8EF02E5D-AD38-4AD0-9056-612DCAAA7DBD}.Debug|Any CPU.ActiveCfg = Debug|Any CPU
		{8EF02E5D-AD38-4AD0-9056-612DCAAA7DBD}.Debug|Any CPU.Build.0 = Debug|Any CPU
		{8EF02E5D-AD38-4AD0-9056-612DCAAA7DBD}.Release|Any CPU.ActiveCfg = Release|Any CPU
		{8EF02E5D-AD38-4AD0-9056-612DCAAA7DBD}.Release|Any CPU.Build.0 = Release|Any CPU
	EndGlobalSection
	GlobalSection(SolutionProperties) = preSolution
		HideSolutionNode = FALSE
	EndGlobalSection
	GlobalSection(ExtensibilityGlobals) = postSolution
		SolutionGuid = {C5D1E766-B24D-44FA-BFDD-974D1443FEA4}
	EndGlobalSection
EndGlobal
